
Microsoft Visual Studio Solution File, Format Version 12.00
# Visual Studio Version 17
VisualStudioVersion = 17.13.35818.85 d17.13
MinimumVisualStudioVersion = 10.0.40219.1
Project("{C9674DCB-5085-4A16-B785-4C70DD1589BD}") = "Incremental_Load", "Incremental_Load\Incremental_Load.dtproj", "{7B23ACEA-B091-E7EA-0C35-092223CEE861}"
EndProject
Global
	GlobalSection(SolutionConfigurationPlatforms) = preSolution
		Development|Default = Development|Default
	EndGlobalSection
	GlobalSection(ProjectConfigurationPlatforms) = postSolution
		{7B23ACEA-B091-E7EA-0C35-092223CEE861}.Development|Default.ActiveCfg = Development
		{7B23ACEA-B091-E7EA-0C35-092223CEE861}.Development|Default.Build.0 = Development
	EndGlobalSection
	GlobalSection(SolutionProperties) = preSolution
		HideSolutionNode = FALSE
	EndGlobalSection
	GlobalSection(ExtensibilityGlobals) = postSolution
		SolutionGuid = {F82340F3-7F67-45A1-BC97-884863C65BE6}
	EndGlobalSection
EndGlobal
