
Microsoft Visual Studio Solution File, Format Version 12.00
# Visual Studio Version 17
VisualStudioVersion = 17.13.35818.85 d17.13
MinimumVisualStudioVersion = 10.0.40219.1
Project("{C9674DCB-5085-4A16-B785-4C70DD1589BD}") = "Fact_model_loading", "Fact_model_loading\Fact_model_loading.dtproj", "{AD0EA207-B05E-A711-990E-E237248C4EA2}"
EndProject
Global
	GlobalSection(SolutionConfigurationPlatforms) = preSolution
		Development|Default = Development|Default
	EndGlobalSection
	GlobalSection(ProjectConfigurationPlatforms) = postSolution
		{AD0EA207-B05E-A711-990E-E237248C4EA2}.Development|Default.ActiveCfg = Development
		{AD0EA207-B05E-A711-990E-E237248C4EA2}.Development|Default.Build.0 = Development
	EndGlobalSection
	GlobalSection(SolutionProperties) = preSolution
		HideSolutionNode = FALSE
	EndGlobalSection
	GlobalSection(ExtensibilityGlobals) = postSolution
		SolutionGuid = {382F083E-82D6-4799-9A36-146182EC9AC9}
	EndGlobalSection
EndGlobal
